{
  "name": "@clevercanyon/is-number.fork",
  "version": "7.0.1",
  "lockfileVersion": 2,
  "requires": true,
  "packages": {
    "": {
      "name": "@clevercanyon/is-number.fork",
      "version": "7.0.1",
      "license": "MIT",
      "devDependencies": {},
      "funding": {
        "url": "https://github.com/sponsors/clevercanyon"
      }
    }
  }
}
